// !$*UTF8*$!
{
	archiveVersion = 1;
	classes = {
	};
	objectVersion = 46;
	objects = {

/* Begin PBXBuildFile section */
		960E7F9F1E81B436004F11CA /* AppDelegate.swift in Sources */ = {isa = PBXBuildFile; fileRef = 960E7F9E1E81B436004F11CA /* AppDelegate.swift */; };
		960E7FA11E81B436004F11CA /* ViewController.swift in Sources */ = {isa = PBXBuildFile; fileRef = 960E7FA01E81B436004F11CA /* ViewController.swift */; };
		960E7FA41E81B436004F11CA /* Main.storyboard in Resources */ = {isa = PBXBuildFile; fileRef = 960E7FA21E81B436004F11CA /* Main.storyboard */; };
		960E7FA61E81B436004F11CA /* Assets.xcassets in Resources */ = {isa = PBXBuildFile; fileRef = 960E7FA51E81B436004F11CA /* Assets.xcassets */; };
		960E7FA91E81B436004F11CA /* LaunchScreen.storyboard in Resources */ = {isa = PBXBuildFile; fileRef = 960E7FA71E81B436004F11CA /* LaunchScreen.storyboard */; };
/* End PBXBuildFile section */

/* Begin PBXFileReference section */
		960E7F9B1E81B436004F11CA /* TrentSnaps.app */ = {isa = PBXFileReference; explicitFileType = wrapper.application; includeInIndex = 0; path = TrentSnaps.app; sourceTree = BUILT_PRODUCTS_DIR; };
		960E7F9E1E81B436004F11CA /* AppDelegate.swift */ = {isa = PBXFileReference; lastKnownFileType = sourcecode.swift; path = AppDelegate.swift; sourceTree = "<group>"; };
		960E7FA01E81B436004F11CA /* ViewController.swift */ = {isa = PBXFileReference; lastKnownFileType = sourcecode.swift; path = ViewController.swift; sourceTree = "<group>"; };
		960E7FA31E81B436004F11CA /* Base */ = {isa = PBXFileReference; lastKnownFileType = file.storyboard; name = Base; path = Base.lproj/Main.storyboard; sourceTree = "<group>"; };
		960E7FA51E81B436004F11CA /* Assets.xcassets */ = {isa = PBXFileReference; lastKnownFileType = folder.assetcatalog; path = Assets.xcassets; sourceTree = "<group>"; };
		960E7FA81E81B436004F11CA /* Base */ = {isa = PBXFileReference; lastKnownFileType = file.storyboard; name = Base; path = Base.lproj/LaunchScreen.storyboard; sourceTree = "<group>"; };
		960E7FAA1E81B436004F11CA /* Info.plist */ = {isa = PBXFileReference; lastKnownFileType = text.plist.xml; path = Info.plist; sourceTree = "<group>"; };
/* End PBXFileReference section */

/* Begin PBXFrameworksBuildPhase section */
		960E7F981E81B436004F11CA /* Frameworks */ = {
			isa = PBXFrameworksBuildPhase;
			buildActionMask = 2147483647;
			files = (
			);
			runOnlyForDeploymentPostprocessing = 0;
		};
/* End PBXFrameworksBuildPhase section */

/* Begin PBXGroup section */
		960E7F921E81B436004F11CA = {
			isa = PBXGroup;
			children = (
				960E7F9D1E81B436004F11CA /* TrentSnaps */,
				960E7F9C1E81B436004F11CA /* Products */,
			);
			sourceTree = "<group>";
		};
		960E7F9C1E81B436004F11CA /* Products */ = {
			isa = PBXGroup;
			children = (
				960E7F9B1E81B436004F11CA /* TrentSnaps.app */,
			);
			name = Products;
			sourceTree = "<group>";
		};
		960E7F9D1E81B436004F11CA /* TrentSnaps */ = {
			isa = PBXGroup;
			children = (
				960E7F9E1E81B436004F11CA /* AppDelegate.swift */,
				960E7FA01E81B436004F11CA /* ViewController.swift */,
				960E7FA21E81B436004F11CA /* Main.storyboard */,
				960E7FA51E81B436004F11CA /* Assets.xcassets */,
				960E7FA71E81B436004F11CA /* LaunchScreen.storyboard */,
				960E7FAA1E81B436004F11CA /* Info.plist */,
			);
			path = TrentSnaps;
			sourceTree = "<group>";
		};
/* End PBXGroup section */

/* Begin PBXNativeTarget section */
		960E7F9A1E81B436004F11CA /* TrentSnaps */ = {
			isa = PBXNativeTarget;
			buildConfigurationList = 960E7FAD1E81B436004F11CA /* Build configuration list for PBXNativeTarget "TrentSnaps" */;
			buildPhases = (
				960E7F971E81B436004F11CA /* Sources */,
				960E7F981E81B436004F11CA /* Frameworks */,
				960E7F991E81B436004F11CA /* Resources */,
			);
			buildRules = (
			);
			dependencies = (
			);
			name = TrentSnaps;
			productName = TrentSnaps;
			productReference = 960E7F9B1E81B436004F11CA /* TrentSnaps.app */;
			productType = "com.apple.product-type.application";
		};
/* End PBXNativeTarget section */

/* Begin PBXProject section */
		960E7F931E81B436004F11CA /* Project object */ = {
			isa = PBXProject;
			attributes = {
				LastSwiftUpdateCheck = 0820;
				LastUpgradeCheck = 0820;
				ORGANIZATIONNAME = "Trent Hand";
				TargetAttributes = {
					960E7F9A1E81B436004F11CA = {
						CreatedOnToolsVersion = 8.2.1;
						ProvisioningStyle = Automatic;
					};
				};
			};
			buildConfigurationList = 960E7F961E81B436004F11CA /* Build configuration list for PBXProject "TrentSnaps" */;
			compatibilityVersion = "Xcode 3.2";
			developmentRegion = English;
			hasScannedForEncodings = 0;
			knownRegions = (
				en,
				Base,
			);
			mainGroup = 960E7F921E81B436004F11CA;
			productRefGroup = 960E7F9C1E81B436004F11CA /* Products */;
			projectDirPath = "";
			projectRoot = "";
			targets = (
				960E7F9A1E81B436004F11CA /* TrentSnaps */,
			);
		};
/* End PBXProject section */

/* Begin PBXResourcesBuildPhase section */
		960E7F991E81B436004F11CA /* Resources */ = {
			isa = PBXResourcesBuildPhase;
			buildActionMask = 2147483647;
			files = (
				960E7FA91E81B436004F11CA /* LaunchScreen.storyboard in Resources */,
				960E7FA61E81B436004F11CA /* Assets.xcassets in Resources */,
				960E7FA41E81B436004F11CA /* Main.storyboard in Resources */,
			);
			runOnlyForDeploymentPostprocessing = 0;
		};
/* End PBXResourcesBuildPhase section */

/* Begin PBXSourcesBuildPhase section */
		960E7F971E81B436004F11CA /* Sources */ = {
			isa = PBXSourcesBuildPhase;
			buildActionMask = 2147483647;
			files = (
				960E7FA11E81B436004F11CA /* ViewController.swift in Sources */,
				960E7F9F1E81B436004F11CA /* AppDelegate.swift in Sources */,
			);
			runOnlyForDeploymentPostprocessing = 0;
		};
/* End PBXSourcesBuildPhase section */

/* Begin PBXVariantGroup section */
		960E7FA21E81B436004F11CA /* Main.storyboard */ = {
			isa = PBXVariantGroup;
			children = (
				960E7FA31E81B436004F11CA /* Base */,
			);
			name = Main.storyboard;
			sourceTree = "<group>";
		};
		960E7FA71E81B436004F11CA /* LaunchScreen.storyboard */ = {
			isa = PBXVariantGroup;
			children = (
				960E7FA81E81B436004F11CA /* Base */,
			);
			name = LaunchScreen.storyboard;
			sourceTree = "<group>";
		};
/* End PBXVariantGroup section */

/* Begin XCBuildConfiguration section */
		960E7FAB1E81B436004F11CA /* Debug */ = {
			isa = XCBuildConfiguration;
			buildSettings = {
				ALWAYS_SEARCH_USER_PATHS = NO;
				CLANG_ANALYZER_NONNULL = YES;
				CLANG_CXX_LANGUAGE_STANDARD = "gnu++0x";
				CLANG_CXX_LIBRARY = "libc++";
				CLANG_ENABLE_MODULES = YES;
				CLANG_ENABLE_OBJC_ARC = YES;
				CLANG_WARN_BOOL_CONVERSION = YES;
				CLANG_WARN_CONSTANT_CONVERSION = YES;
				CLANG_WARN_DIRECT_OBJC_ISA_USAGE = YES_ERROR;
				CLANG_WARN_DOCUMENTATION_COMMENTS = YES;
				CLANG_WARN_EMPTY_BODY = YES;
				CLANG_WARN_ENUM_CONVERSION = YES;
				CLANG_WARN_INFINITE_RECURSION = YES;
				CLANG_WARN_INT_CONVERSION = YES;
				CLANG_WARN_OBJC_ROOT_CLASS = YES_ERROR;
				CLANG_WARN_SUSPICIOUS_MOVE = YES;
				CLANG_WARN_UNREACHABLE_CODE = YES;
				CLANG_WARN__DUPLICATE_METHOD_MATCH = YES;
				"CODE_SIGN_IDENTITY[sdk=iphoneos*]" = "iPhone Developer";
				COPY_PHASE_STRIP = NO;
				DEBUG_INFORMATION_FORMAT = dwarf;
				ENABLE_STRICT_OBJC_MSGSEND = YES;
				ENABLE_TESTABILITY = YES;
				GCC_C_LANGUAGE_STANDARD = gnu99;
				GCC_DYNAMIC_NO_PIC = NO;
				GCC_NO_COMMON_BLOCKS = YES;
				GCC_OPTIMIZATION_LEVEL = 0;
				GCC_PREPROCESSOR_DEFINITIONS = (
					"DEBUG=1",
					"$(inherited)",
				);
				GCC_WARN_64_TO_32_BIT_CONVERSION = YES;
				GCC_WARN_ABOUT_RETURN_TYPE = YES_ERROR;
				GCC_WARN_UNDECLARED_SELECTOR = YES;
				GCC_WARN_UNINITIALIZED_AUTOS = YES_AGGRESSIVE;
				GCC_WARN_UNUSED_FUNCTION = YES;
				GCC_WARN_UNUSED_VARIABLE = YES;
				IPHONEOS_DEPLOYMENT_TARGET = 10.2;
				MTL_ENABLE_DEBUG_INFO = YES;
				ONLY_ACTIVE_ARCH = YES;
				SDKROOT = iphoneos;
				SWIFT_ACTIVE_COMPILATION_CONDITIONS = DEBUG;
				SWIFT_OPTIMIZATION_LEVEL = "-Onone";
				TARGETED_DEVICE_FAMILY = "1,2";
			};
			name = Debug;
		};
		960E7FAC1E81B436004F11CA /* Release */ = {
			isa = XCBuildConfiguration;
			buildSettings = {
				ALWAYS_SEARCH_USER_PATHS = NO;
				CLANG_ANALYZER_NONNULL = YES;
				CLANG_CXX_LANGUAGE_STANDARD = "gnu++0x";
				CLANG_CXX_LIBRARY = "libc++";
				CLANG_ENABLE_MODULES = YES;
				CLANG_ENABLE_OBJC_ARC = YES;
				CLANG_WARN_BOOL_CONVERSION = YES;
				CLANG_WARN_CONSTANT_CONVERSION = YES;
				CLANG_WARN_DIRECT_OBJC_ISA_USAGE = YES_ERROR;
				CLANG_WARN_DOCUMENTATION_COMMENTS = YES;
				CLANG_WARN_EMPTY_BODY = YES;
				CLANG_WARN_ENUM_CONVERSION = YES;
				CLANG_WARN_INFINITE_RECURSION = YES;
				CLANG_WARN_INT_CONVERSION = YES;
				CLANG_WARN_OBJC_ROOT_CLASS = YES_ERROR;
				CLANG_WARN_SUSPICIOUS_MOVE = YES;
				CLANG_WARN_UNREACHABLE_CODE = YES;
				CLANG_WARN__DUPLICATE_METHOD_MATCH = YES;
				"CODE_SIGN_IDENTITY[sdk=iphoneos*]" = "iPhone Developer";
				COPY_PHASE_STRIP = NO;
				DEBUG_INFORMATION_FORMAT = "dwarf-with-dsym";
				ENABLE_NS_ASSERTIONS = NO;
				ENABLE_STRICT_OBJC_MSGSEND = YES;
				GCC_C_LANGUAGE_STANDARD = gnu99;
				GCC_NO_COMMON_BLOCKS = YES;
				GCC_WARN_64_TO_32_BIT_CONVERSION = YES;
				GCC_WARN_ABOUT_RETURN_TYPE = YES_ERROR;
				GCC_WARN_UNDECLARED_SELECTOR = YES;
				GCC_WARN_UNINITIALIZED_AUTOS = YES_AGGRESSIVE;
				GCC_WARN_UNUSED_FUNCTION = YES;
				GCC_WARN_UNUSED_VARIABLE = YES;
				IPHONEOS_DEPLOYMENT_TARGET = 10.2;
				MTL_ENABLE_DEBUG_INFO = NO;
				SDKROOT = iphoneos;
				SWIFT_OPTIMIZATION_LEVEL = "-Owholemodule";
				TARGETED_DEVICE_FAMILY = "1,2";
				VALIDATE_PRODUCT = YES;
			};
			name = Release;
		};
		960E7FAE1E81B436004F11CA /* Debug */ = {
			isa = XCBuildConfiguration;
			buildSettings = {
				ASSETCATALOG_COMPILER_APPICON_NAME = AppIcon;
				INFOPLIST_FILE = TrentSnaps/Info.plist;
				LD_RUNPATH_SEARCH_PATHS = "$(inherited) @executable_path/Frameworks";
				PRODUCT_BUNDLE_IDENTIFIER = appsbytrent.TrentSnaps;
				PRODUCT_NAME = "$(TARGET_NAME)";
				SWIFT_VERSION = 3.0;
			};
			name = Debug;
		};
		960E7FAF1E81B436004F11CA /* Release */ = {
			isa = XCBuildConfiguration;
			buildSettings = {
				ASSETCATALOG_COMPILER_APPICON_NAME = AppIcon;
				INFOPLIST_FILE = TrentSnaps/Info.plist;
				LD_RUNPATH_SEARCH_PATHS = "$(inherited) @executable_path/Frameworks";
				PRODUCT_BUNDLE_IDENTIFIER = appsbytrent.TrentSnaps;
				PRODUCT_NAME = "$(TARGET_NAME)";
				SWIFT_VERSION = 3.0;
			};
			name = Release;
		};
/* End XCBuildConfiguration section */

/* Begin XCConfigurationList section */
		960E7F961E81B436004F11CA /* Build configuration list for PBXProject "TrentSnaps" */ = {
			isa = XCConfigurationList;
			buildConfigurations = (
				960E7FAB1E81B436004F11CA /* Debug */,
				960E7FAC1E81B436004F11CA /* Release */,
			);
			defaultConfigurationIsVisible = 0;
			defaultConfigurationName = Release;
		};
		960E7FAD1E81B436004F11CA /* Build configuration list for PBXNativeTarget "TrentSnaps" */ = {
			isa = XCConfigurationList;
			buildConfigurations = (
				960E7FAE1E81B436004F11CA /* Debug */,
				960E7FAF1E81B436004F11CA /* Release */,
			);
			defaultConfigurationIsVisible = 0;
		};
/* End XCConfigurationList section */
	};
	rootObject = 960E7F931E81B436004F11CA /* Project object */;
}
